
Microsoft Visual Studio Solution File, Format Version 12.00
# Visual Studio Version 17
VisualStudioVersion = 17.9.34714.143
MinimumVisualStudioVersion = 10.0.40219.1
Project("{9A19103F-16F7-4668-BE54-9A1E7A4F7556}") = "web-app", "web-app\web-app.csproj", "{2CDD6BD8-9046-4DFD-B96F-EDB209C461AA}"
EndProject
Global
	GlobalSection(SolutionConfigurationPlatforms) = preSolution
		Debug|Any CPU = Debug|Any CPU
		Release|Any CPU = Release|Any CPU
	EndGlobalSection
	GlobalSection(ProjectConfigurationPlatforms) = postSolution
		{2CDD6BD8-9046-4DFD-B96F-EDB209C461AA}.Debug|Any CPU.ActiveCfg = Debug|Any CPU
		{2CDD6BD8-9046-4DFD-B96F-EDB209C461AA}.Debug|Any CPU.Build.0 = Debug|Any CPU
		{2CDD6BD8-9046-4DFD-B96F-EDB209C461AA}.Release|Any CPU.ActiveCfg = Release|Any CPU
		{2CDD6BD8-9046-4DFD-B96F-EDB209C461AA}.Release|Any CPU.Build.0 = Release|Any CPU
	EndGlobalSection
	GlobalSection(SolutionProperties) = preSolution
		HideSolutionNode = FALSE
	EndGlobalSection
	GlobalSection(ExtensibilityGlobals) = postSolution
		SolutionGuid = {C60AAD80-4FA5-488D-9255-855CCF842A5C}
	EndGlobalSection
EndGlobal
