
Microsoft Visual Studio Solution File, Format Version 12.00
# Visual Studio Version 17
VisualStudioVersion = 17.9.34714.143
MinimumVisualStudioVersion = 10.0.40219.1
Project("{FAE04EC0-301F-11D3-BF4B-00C04F79EFBC}") = "spe-frontend", "spe-frontend.csproj", "{5C375216-6E24-459A-B6A4-051D1CB051D3}"
EndProject
Global
	GlobalSection(SolutionConfigurationPlatforms) = preSolution
		Debug|Any CPU = Debug|Any CPU
		Release|Any CPU = Release|Any CPU
	EndGlobalSection
	GlobalSection(ProjectConfigurationPlatforms) = postSolution
		{5C375216-6E24-459A-B6A4-051D1CB051D3}.Debug|Any CPU.ActiveCfg = Debug|Any CPU
		{5C375216-6E24-459A-B6A4-051D1CB051D3}.Debug|Any CPU.Build.0 = Debug|Any CPU
		{5C375216-6E24-459A-B6A4-051D1CB051D3}.Release|Any CPU.ActiveCfg = Release|Any CPU
		{5C375216-6E24-459A-B6A4-051D1CB051D3}.Release|Any CPU.Build.0 = Release|Any CPU
	EndGlobalSection
	GlobalSection(SolutionProperties) = preSolution
		HideSolutionNode = FALSE
	EndGlobalSection
	GlobalSection(ExtensibilityGlobals) = postSolution
		SolutionGuid = {C60AAD80-4FA5-488D-9255-855CCF842A5C}
	EndGlobalSection
EndGlobal
